// !$*UTF8*$!
{
	archiveVersion = 1;
	classes = {
	};
	objectVersion = 56;
	objects = {

/* Begin PBXBuildFile section */
		9E3418DA2A8E96F10089C308 /* landmarksApp.swift in Sources */ = {isa = PBXBuildFile; fileRef = 9E3418D92A8E96F10089C308 /* landmarksApp.swift */; };
		9E3418DC2A8E96F10089C308 /* ContentView.swift in Sources */ = {isa = PBXBuildFile; fileRef = 9E3418DB2A8E96F10089C308 /* ContentView.swift */; };
		9E3418DE2A8E96F40089C308 /* Assets.xcassets in Resources */ = {isa = PBXBuildFile; fileRef = 9E3418DD2A8E96F40089C308 /* Assets.xcassets */; };
		9E3418E12A8E96F40089C308 /* Preview Assets.xcassets in Resources */ = {isa = PBXBuildFile; fileRef = 9E3418E02A8E96F40089C308 /* Preview Assets.xcassets */; };
		9E3418E82A8EB42A0089C308 /* CircleImage.swift in Sources */ = {isa = PBXBuildFile; fileRef = 9E3418E72A8EB42A0089C308 /* CircleImage.swift */; };
		9E3418EA2A8EB5DA0089C308 /* MapView.swift in Sources */ = {isa = PBXBuildFile; fileRef = 9E3418E92A8EB5DA0089C308 /* MapView.swift */; };
		9E3418F92A955C560089C308 /* landmarkData.json in Resources */ = {isa = PBXBuildFile; fileRef = 9E3418F82A955C550089C308 /* landmarkData.json */; };
		9E3418FB2A955C880089C308 /* Landmark.swift in Sources */ = {isa = PBXBuildFile; fileRef = 9E3418FA2A955C880089C308 /* Landmark.swift */; };
		9E3418FD2A9562BB0089C308 /* ModelData.swift in Sources */ = {isa = PBXBuildFile; fileRef = 9E3418FC2A9562BB0089C308 /* ModelData.swift */; };
		9E7F581B2A991154006CB552 /* LandmarkRow.swift in Sources */ = {isa = PBXBuildFile; fileRef = 9E7F581A2A991154006CB552 /* LandmarkRow.swift */; };
		9E7F581D2A999127006CB552 /* LandmarkList.swift in Sources */ = {isa = PBXBuildFile; fileRef = 9E7F581C2A999127006CB552 /* LandmarkList.swift */; };
		9E7F581F2A9995FA006CB552 /* LandmarkDetail.swift in Sources */ = {isa = PBXBuildFile; fileRef = 9E7F581E2A9995FA006CB552 /* LandmarkDetail.swift */; };
		9E7F58212A9FECA2006CB552 /* FavoriteButton.swift in Sources */ = {isa = PBXBuildFile; fileRef = 9E7F58202A9FECA2006CB552 /* FavoriteButton.swift */; };
/* End PBXBuildFile section */

/* Begin PBXFileReference section */
		9E3418D62A8E96F10089C308 /* landmarks.app */ = {isa = PBXFileReference; explicitFileType = wrapper.application; includeInIndex = 0; path = landmarks.app; sourceTree = BUILT_PRODUCTS_DIR; };
		9E3418D92A8E96F10089C308 /* landmarksApp.swift */ = {isa = PBXFileReference; lastKnownFileType = sourcecode.swift; path = landmarksApp.swift; sourceTree = "<group>"; };
		9E3418DB2A8E96F10089C308 /* ContentView.swift */ = {isa = PBXFileReference; lastKnownFileType = sourcecode.swift; path = ContentView.swift; sourceTree = "<group>"; };
		9E3418DD2A8E96F40089C308 /* Assets.xcassets */ = {isa = PBXFileReference; lastKnownFileType = folder.assetcatalog; path = Assets.xcassets; sourceTree = "<group>"; };
		9E3418E02A8E96F40089C308 /* Preview Assets.xcassets */ = {isa = PBXFileReference; lastKnownFileType = folder.assetcatalog; path = "Preview Assets.xcassets"; sourceTree = "<group>"; };
		9E3418E72A8EB42A0089C308 /* CircleImage.swift */ = {isa = PBXFileReference; lastKnownFileType = sourcecode.swift; path = CircleImage.swift; sourceTree = "<group>"; };
		9E3418E92A8EB5DA0089C308 /* MapView.swift */ = {isa = PBXFileReference; lastKnownFileType = sourcecode.swift; path = MapView.swift; sourceTree = "<group>"; };
		9E3418F82A955C550089C308 /* landmarkData.json */ = {isa = PBXFileReference; fileEncoding = 4; lastKnownFileType = text.json; path = landmarkData.json; sourceTree = "<group>"; };
		9E3418FA2A955C880089C308 /* Landmark.swift */ = {isa = PBXFileReference; lastKnownFileType = sourcecode.swift; path = Landmark.swift; sourceTree = "<group>"; };
		9E3418FC2A9562BB0089C308 /* ModelData.swift */ = {isa = PBXFileReference; lastKnownFileType = sourcecode.swift; path = ModelData.swift; sourceTree = "<group>"; };
		9E7F581A2A991154006CB552 /* LandmarkRow.swift */ = {isa = PBXFileReference; lastKnownFileType = sourcecode.swift; path = LandmarkRow.swift; sourceTree = "<group>"; };
		9E7F581C2A999127006CB552 /* LandmarkList.swift */ = {isa = PBXFileReference; lastKnownFileType = sourcecode.swift; path = LandmarkList.swift; sourceTree = "<group>"; };
		9E7F581E2A9995FA006CB552 /* LandmarkDetail.swift */ = {isa = PBXFileReference; lastKnownFileType = sourcecode.swift; path = LandmarkDetail.swift; sourceTree = "<group>"; };
		9E7F58202A9FECA2006CB552 /* FavoriteButton.swift */ = {isa = PBXFileReference; lastKnownFileType = sourcecode.swift; path = FavoriteButton.swift; sourceTree = "<group>"; };
/* End PBXFileReference section */

/* Begin PBXFrameworksBuildPhase section */
		9E3418D32A8E96F10089C308 /* Frameworks */ = {
			isa = PBXFrameworksBuildPhase;
			buildActionMask = 2147483647;
			files = (
			);
			runOnlyForDeploymentPostprocessing = 0;
		};
/* End PBXFrameworksBuildPhase section */

/* Begin PBXGroup section */
		9E3418CD2A8E96F10089C308 = {
			isa = PBXGroup;
			children = (
				9E3418D82A8E96F10089C308 /* landmarks */,
				9E3418D72A8E96F10089C308 /* Products */,
			);
			sourceTree = "<group>";
		};
		9E3418D72A8E96F10089C308 /* Products */ = {
			isa = PBXGroup;
			children = (
				9E3418D62A8E96F10089C308 /* landmarks.app */,
			);
			name = Products;
			sourceTree = "<group>";
		};
		9E3418D82A8E96F10089C308 /* landmarks */ = {
			isa = PBXGroup;
			children = (
				9E3418D92A8E96F10089C308 /* landmarksApp.swift */,
				9E7F58232A9FEF12006CB552 /* Landmarks */,
				9E3418FE2A9565890089C308 /* Views */,
				9E7F58222A9FEED6006CB552 /* Helpers */,
				9E3418FF2A9565960089C308 /* Model */,
				9E3419002A95659E0089C308 /* Resources */,
				9E3418DD2A8E96F40089C308 /* Assets.xcassets */,
				9E3418DF2A8E96F40089C308 /* Preview Content */,
			);
			path = landmarks;
			sourceTree = "<group>";
		};
		9E3418DF2A8E96F40089C308 /* Preview Content */ = {
			isa = PBXGroup;
			children = (
				9E3418E02A8E96F40089C308 /* Preview Assets.xcassets */,
			);
			path = "Preview Content";
			sourceTree = "<group>";
		};
		9E3418FE2A9565890089C308 /* Views */ = {
			isa = PBXGroup;
			children = (
				9E3418DB2A8E96F10089C308 /* ContentView.swift */,
			);
			path = Views;
			sourceTree = "<group>";
		};
		9E3418FF2A9565960089C308 /* Model */ = {
			isa = PBXGroup;
			children = (
				9E3418FA2A955C880089C308 /* Landmark.swift */,
				9E3418FC2A9562BB0089C308 /* ModelData.swift */,
			);
			path = Model;
			sourceTree = "<group>";
		};
		9E3419002A95659E0089C308 /* Resources */ = {
			isa = PBXGroup;
			children = (
				9E3418F82A955C550089C308 /* landmarkData.json */,
			);
			path = Resources;
			sourceTree = "<group>";
		};
		9E7F58222A9FEED6006CB552 /* Helpers */ = {
			isa = PBXGroup;
			children = (
				9E3418E72A8EB42A0089C308 /* CircleImage.swift */,
				9E3418E92A8EB5DA0089C308 /* MapView.swift */,
				9E7F58202A9FECA2006CB552 /* FavoriteButton.swift */,
			);
			path = Helpers;
			sourceTree = "<group>";
		};
		9E7F58232A9FEF12006CB552 /* Landmarks */ = {
			isa = PBXGroup;
			children = (
				9E7F581A2A991154006CB552 /* LandmarkRow.swift */,
				9E7F581C2A999127006CB552 /* LandmarkList.swift */,
				9E7F581E2A9995FA006CB552 /* LandmarkDetail.swift */,
			);
			path = Landmarks;
			sourceTree = "<group>";
		};
/* End PBXGroup section */

/* Begin PBXNativeTarget section */
		9E3418D52A8E96F10089C308 /* landmarks */ = {
			isa = PBXNativeTarget;
			buildConfigurationList = 9E3418E42A8E96F40089C308 /* Build configuration list for PBXNativeTarget "landmarks" */;
			buildPhases = (
				9E3418D22A8E96F10089C308 /* Sources */,
				9E3418D32A8E96F10089C308 /* Frameworks */,
				9E3418D42A8E96F10089C308 /* Resources */,
			);
			buildRules = (
			);
			dependencies = (
			);
			name = landmarks;
			productName = landmarks;
			productReference = 9E3418D62A8E96F10089C308 /* landmarks.app */;
			productType = "com.apple.product-type.application";
		};
/* End PBXNativeTarget section */

/* Begin PBXProject section */
		9E3418CE2A8E96F10089C308 /* Project object */ = {
			isa = PBXProject;
			attributes = {
				BuildIndependentTargetsInParallel = 1;
				LastSwiftUpdateCheck = 1430;
				LastUpgradeCheck = 1430;
				TargetAttributes = {
					9E3418D52A8E96F10089C308 = {
						CreatedOnToolsVersion = 14.3.1;
					};
				};
			};
			buildConfigurationList = 9E3418D12A8E96F10089C308 /* Build configuration list for PBXProject "landmarks" */;
			compatibilityVersion = "Xcode 14.0";
			developmentRegion = en;
			hasScannedForEncodings = 0;
			knownRegions = (
				en,
				Base,
			);
			mainGroup = 9E3418CD2A8E96F10089C308;
			productRefGroup = 9E3418D72A8E96F10089C308 /* Products */;
			projectDirPath = "";
			projectRoot = "";
			targets = (
				9E3418D52A8E96F10089C308 /* landmarks */,
			);
		};
/* End PBXProject section */

/* Begin PBXResourcesBuildPhase section */
		9E3418D42A8E96F10089C308 /* Resources */ = {
			isa = PBXResourcesBuildPhase;
			buildActionMask = 2147483647;
			files = (
				9E3418E12A8E96F40089C308 /* Preview Assets.xcassets in Resources */,
				9E3418DE2A8E96F40089C308 /* Assets.xcassets in Resources */,
				9E3418F92A955C560089C308 /* landmarkData.json in Resources */,
			);
			runOnlyForDeploymentPostprocessing = 0;
		};
/* End PBXResourcesBuildPhase section */

/* Begin PBXSourcesBuildPhase section */
		9E3418D22A8E96F10089C308 /* Sources */ = {
			isa = PBXSourcesBuildPhase;
			buildActionMask = 2147483647;
			files = (
				9E3418DC2A8E96F10089C308 /* ContentView.swift in Sources */,
				9E3418EA2A8EB5DA0089C308 /* MapView.swift in Sources */,
				9E3418DA2A8E96F10089C308 /* landmarksApp.swift in Sources */,
				9E7F58212A9FECA2006CB552 /* FavoriteButton.swift in Sources */,
				9E7F581D2A999127006CB552 /* LandmarkList.swift in Sources */,
				9E7F581F2A9995FA006CB552 /* LandmarkDetail.swift in Sources */,
				9E3418E82A8EB42A0089C308 /* CircleImage.swift in Sources */,
				9E3418FB2A955C880089C308 /* Landmark.swift in Sources */,
				9E7F581B2A991154006CB552 /* LandmarkRow.swift in Sources */,
				9E3418FD2A9562BB0089C308 /* ModelData.swift in Sources */,
			);
			runOnlyForDeploymentPostprocessing = 0;
		};
/* End PBXSourcesBuildPhase section */

/* Begin XCBuildConfiguration section */
		9E3418E22A8E96F40089C308 /* Debug */ = {
			isa = XCBuildConfiguration;
			buildSettings = {
				ALWAYS_SEARCH_USER_PATHS = NO;
				CLANG_ANALYZER_NONNULL = YES;
				CLANG_ANALYZER_NUMBER_OBJECT_CONVERSION = YES_AGGRESSIVE;
				CLANG_CXX_LANGUAGE_STANDARD = "gnu++20";
				CLANG_ENABLE_MODULES = YES;
				CLANG_ENABLE_OBJC_ARC = YES;
				CLANG_ENABLE_OBJC_WEAK = YES;
				CLANG_WARN_BLOCK_CAPTURE_AUTORELEASING = YES;
				CLANG_WARN_BOOL_CONVERSION = YES;
				CLANG_WARN_COMMA = YES;
				CLANG_WARN_CONSTANT_CONVERSION = YES;
				CLANG_WARN_DEPRECATED_OBJC_IMPLEMENTATIONS = YES;
				CLANG_WARN_DIRECT_OBJC_ISA_USAGE = YES_ERROR;
				CLANG_WARN_DOCUMENTATION_COMMENTS = YES;
				CLANG_WARN_EMPTY_BODY = YES;
				CLANG_WARN_ENUM_CONVERSION = YES;
				CLANG_WARN_INFINITE_RECURSION = YES;
				CLANG_WARN_INT_CONVERSION = YES;
				CLANG_WARN_NON_LITERAL_NULL_CONVERSION = YES;
				CLANG_WARN_OBJC_IMPLICIT_RETAIN_SELF = YES;
				CLANG_WARN_OBJC_LITERAL_CONVERSION = YES;
				CLANG_WARN_OBJC_ROOT_CLASS = YES_ERROR;
				CLANG_WARN_QUOTED_INCLUDE_IN_FRAMEWORK_HEADER = YES;
				CLANG_WARN_RANGE_LOOP_ANALYSIS = YES;
				CLANG_WARN_STRICT_PROTOTYPES = YES;
				CLANG_WARN_SUSPICIOUS_MOVE = YES;
				CLANG_WARN_UNGUARDED_AVAILABILITY = YES_AGGRESSIVE;
				CLANG_WARN_UNREACHABLE_CODE = YES;
				CLANG_WARN__DUPLICATE_METHOD_MATCH = YES;
				COPY_PHASE_STRIP = NO;
				DEBUG_INFORMATION_FORMAT = dwarf;
				ENABLE_STRICT_OBJC_MSGSEND = YES;
				ENABLE_TESTABILITY = YES;
				GCC_C_LANGUAGE_STANDARD = gnu11;
				GCC_DYNAMIC_NO_PIC = NO;
				GCC_NO_COMMON_BLOCKS = YES;
				GCC_OPTIMIZATION_LEVEL = 0;
				GCC_PREPROCESSOR_DEFINITIONS = (
					"DEBUG=1",
					"$(inherited)",
				);
				GCC_WARN_64_TO_32_BIT_CONVERSION = YES;
				GCC_WARN_ABOUT_RETURN_TYPE = YES_ERROR;
				GCC_WARN_UNDECLARED_SELECTOR = YES;
				GCC_WARN_UNINITIALIZED_AUTOS = YES_AGGRESSIVE;
				GCC_WARN_UNUSED_FUNCTION = YES;
				GCC_WARN_UNUSED_VARIABLE = YES;
				IPHONEOS_DEPLOYMENT_TARGET = 16.4;
				MTL_ENABLE_DEBUG_INFO = INCLUDE_SOURCE;
				MTL_FAST_MATH = YES;
				ONLY_ACTIVE_ARCH = YES;
				SDKROOT = iphoneos;
				SWIFT_ACTIVE_COMPILATION_CONDITIONS = DEBUG;
				SWIFT_OPTIMIZATION_LEVEL = "-Onone";
			};
			name = Debug;
		};
		9E3418E32A8E96F40089C308 /* Release */ = {
			isa = XCBuildConfiguration;
			buildSettings = {
				ALWAYS_SEARCH_USER_PATHS = NO;
				CLANG_ANALYZER_NONNULL = YES;
				CLANG_ANALYZER_NUMBER_OBJECT_CONVERSION = YES_AGGRESSIVE;
				CLANG_CXX_LANGUAGE_STANDARD = "gnu++20";
				CLANG_ENABLE_MODULES = YES;
				CLANG_ENABLE_OBJC_ARC = YES;
				CLANG_ENABLE_OBJC_WEAK = YES;
				CLANG_WARN_BLOCK_CAPTURE_AUTORELEASING = YES;
				CLANG_WARN_BOOL_CONVERSION = YES;
				CLANG_WARN_COMMA = YES;
				CLANG_WARN_CONSTANT_CONVERSION = YES;
				CLANG_WARN_DEPRECATED_OBJC_IMPLEMENTATIONS = YES;
				CLANG_WARN_DIRECT_OBJC_ISA_USAGE = YES_ERROR;
				CLANG_WARN_DOCUMENTATION_COMMENTS = YES;
				CLANG_WARN_EMPTY_BODY = YES;
				CLANG_WARN_ENUM_CONVERSION = YES;
				CLANG_WARN_INFINITE_RECURSION = YES;
				CLANG_WARN_INT_CONVERSION = YES;
				CLANG_WARN_NON_LITERAL_NULL_CONVERSION = YES;
				CLANG_WARN_OBJC_IMPLICIT_RETAIN_SELF = YES;
				CLANG_WARN_OBJC_LITERAL_CONVERSION = YES;
				CLANG_WARN_OBJC_ROOT_CLASS = YES_ERROR;
				CLANG_WARN_QUOTED_INCLUDE_IN_FRAMEWORK_HEADER = YES;
				CLANG_WARN_RANGE_LOOP_ANALYSIS = YES;
				CLANG_WARN_STRICT_PROTOTYPES = YES;
				CLANG_WARN_SUSPICIOUS_MOVE = YES;
				CLANG_WARN_UNGUARDED_AVAILABILITY = YES_AGGRESSIVE;
				CLANG_WARN_UNREACHABLE_CODE = YES;
				CLANG_WARN__DUPLICATE_METHOD_MATCH = YES;
				COPY_PHASE_STRIP = NO;
				DEBUG_INFORMATION_FORMAT = "dwarf-with-dsym";
				ENABLE_NS_ASSERTIONS = NO;
				ENABLE_STRICT_OBJC_MSGSEND = YES;
				GCC_C_LANGUAGE_STANDARD = gnu11;
				GCC_NO_COMMON_BLOCKS = YES;
				GCC_WARN_64_TO_32_BIT_CONVERSION = YES;
				GCC_WARN_ABOUT_RETURN_TYPE = YES_ERROR;
				GCC_WARN_UNDECLARED_SELECTOR = YES;
				GCC_WARN_UNINITIALIZED_AUTOS = YES_AGGRESSIVE;
				GCC_WARN_UNUSED_FUNCTION = YES;
				GCC_WARN_UNUSED_VARIABLE = YES;
				IPHONEOS_DEPLOYMENT_TARGET = 16.4;
				MTL_ENABLE_DEBUG_INFO = NO;
				MTL_FAST_MATH = YES;
				SDKROOT = iphoneos;
				SWIFT_COMPILATION_MODE = wholemodule;
				SWIFT_OPTIMIZATION_LEVEL = "-O";
				VALIDATE_PRODUCT = YES;
			};
			name = Release;
		};
		9E3418E52A8E96F40089C308 /* Debug */ = {
			isa = XCBuildConfiguration;
			buildSettings = {
				ASSETCATALOG_COMPILER_APPICON_NAME = AppIcon;
				ASSETCATALOG_COMPILER_GLOBAL_ACCENT_COLOR_NAME = AccentColor;
				CODE_SIGN_STYLE = Automatic;
				CURRENT_PROJECT_VERSION = 1;
				DEVELOPMENT_ASSET_PATHS = "\"landmarks/Preview Content\"";
				DEVELOPMENT_TEAM = L832LLQT24;
				ENABLE_PREVIEWS = YES;
				GENERATE_INFOPLIST_FILE = YES;
				INFOPLIST_KEY_UIApplicationSceneManifest_Generation = YES;
				INFOPLIST_KEY_UIApplicationSupportsIndirectInputEvents = YES;
				INFOPLIST_KEY_UILaunchScreen_Generation = YES;
				INFOPLIST_KEY_UISupportedInterfaceOrientations_iPad = "UIInterfaceOrientationPortrait UIInterfaceOrientationPortraitUpsideDown UIInterfaceOrientationLandscapeLeft UIInterfaceOrientationLandscapeRight";
				INFOPLIST_KEY_UISupportedInterfaceOrientations_iPhone = "UIInterfaceOrientationPortrait UIInterfaceOrientationLandscapeLeft UIInterfaceOrientationLandscapeRight";
				LD_RUNPATH_SEARCH_PATHS = (
					"$(inherited)",
					"@executable_path/Frameworks",
				);
				MARKETING_VERSION = 1.0;
				PRODUCT_BUNDLE_IDENTIFIER = com.example.monfil.landmarks;
				PRODUCT_NAME = "$(TARGET_NAME)";
				SWIFT_EMIT_LOC_STRINGS = YES;
				SWIFT_VERSION = 5.0;
				TARGETED_DEVICE_FAMILY = "1,2";
			};
			name = Debug;
		};
		9E3418E62A8E96F40089C308 /* Release */ = {
			isa = XCBuildConfiguration;
			buildSettings = {
				ASSETCATALOG_COMPILER_APPICON_NAME = AppIcon;
				ASSETCATALOG_COMPILER_GLOBAL_ACCENT_COLOR_NAME = AccentColor;
				CODE_SIGN_STYLE = Automatic;
				CURRENT_PROJECT_VERSION = 1;
				DEVELOPMENT_ASSET_PATHS = "\"landmarks/Preview Content\"";
				DEVELOPMENT_TEAM = L832LLQT24;
				ENABLE_PREVIEWS = YES;
				GENERATE_INFOPLIST_FILE = YES;
				INFOPLIST_KEY_UIApplicationSceneManifest_Generation = YES;
				INFOPLIST_KEY_UIApplicationSupportsIndirectInputEvents = YES;
				INFOPLIST_KEY_UILaunchScreen_Generation = YES;
				INFOPLIST_KEY_UISupportedInterfaceOrientations_iPad = "UIInterfaceOrientationPortrait UIInterfaceOrientationPortraitUpsideDown UIInterfaceOrientationLandscapeLeft UIInterfaceOrientationLandscapeRight";
				INFOPLIST_KEY_UISupportedInterfaceOrientations_iPhone = "UIInterfaceOrientationPortrait UIInterfaceOrientationLandscapeLeft UIInterfaceOrientationLandscapeRight";
				LD_RUNPATH_SEARCH_PATHS = (
					"$(inherited)",
					"@executable_path/Frameworks",
				);
				MARKETING_VERSION = 1.0;
				PRODUCT_BUNDLE_IDENTIFIER = com.example.monfil.landmarks;
				PRODUCT_NAME = "$(TARGET_NAME)";
				SWIFT_EMIT_LOC_STRINGS = YES;
				SWIFT_VERSION = 5.0;
				TARGETED_DEVICE_FAMILY = "1,2";
			};
			name = Release;
		};
/* End XCBuildConfiguration section */

/* Begin XCConfigurationList section */
		9E3418D12A8E96F10089C308 /* Build configuration list for PBXProject "landmarks" */ = {
			isa = XCConfigurationList;
			buildConfigurations = (
				9E3418E22A8E96F40089C308 /* Debug */,
				9E3418E32A8E96F40089C308 /* Release */,
			);
			defaultConfigurationIsVisible = 0;
			defaultConfigurationName = Release;
		};
		9E3418E42A8E96F40089C308 /* Build configuration list for PBXNativeTarget "landmarks" */ = {
			isa = XCConfigurationList;
			buildConfigurations = (
				9E3418E52A8E96F40089C308 /* Debug */,
				9E3418E62A8E96F40089C308 /* Release */,
			);
			defaultConfigurationIsVisible = 0;
			defaultConfigurationName = Release;
		};
/* End XCConfigurationList section */
	};
	rootObject = 9E3418CE2A8E96F10089C308 /* Project object */;
}
